{
  "name": "miniprogram",
  "lockfileVersion": 2,
  "requires": true,
  "packages": {
    "": {
      "dependencies": {
        "wx-axios-promise": "^2.4.1"
      }
    },
    "node_modules/wx-axios-promise": {
      "version": "2.4.1",
      "resolved": "https://registry.npmmirror.com/wx-axios-promise/-/wx-axios-promise-2.4.1.tgz",
      "integrity": "sha512-hbzQKsBxhjSZzDg59rULXZ7eLqgBVtSOLc5gOgobsK5R9Uhn16hyZE9BzocdvUfujSTfUH/XJAp0e9mtc3fvOQ=="
    }
  },
  "dependencies": {
    "wx-axios-promise": {
      "version": "2.4.1",
      "resolved": "https://registry.npmmirror.com/wx-axios-promise/-/wx-axios-promise-2.4.1.tgz",
      "integrity": "sha512-hbzQKsBxhjSZzDg59rULXZ7eLqgBVtSOLc5gOgobsK5R9Uhn16hyZE9BzocdvUfujSTfUH/XJAp0e9mtc3fvOQ=="
    }
  }
}
